// !$*UTF8*$!
{
	archiveVersion = 1;
	classes = {
	};
	objectVersion = 51;
	objects = {

/* Begin PBXBuildFile section */
		0E51873823DED5E700664868 /* AppDelegate.swift in Sources */ = {isa = PBXBuildFile; fileRef = 0E51873723DED5E700664868 /* AppDelegate.swift */; };
		0E51873A23DED5E700664868 /* SceneDelegate.swift in Sources */ = {isa = PBXBuildFile; fileRef = 0E51873923DED5E700664868 /* SceneDelegate.swift */; };
		0E51873F23DED5E700664868 /* Main.storyboard in Resources */ = {isa = PBXBuildFile; fileRef = 0E51873D23DED5E700664868 /* Main.storyboard */; };
		0E51874123DED5E900664868 /* Assets.xcassets in Resources */ = {isa = PBXBuildFile; fileRef = 0E51874023DED5E900664868 /* Assets.xcassets */; };
		0E51874423DED5E900664868 /* LaunchScreen.storyboard in Resources */ = {isa = PBXBuildFile; fileRef = 0E51874223DED5E900664868 /* LaunchScreen.storyboard */; };
		0E51875423DED5FE00664868 /* ViewController.swift in Sources */ = {isa = PBXBuildFile; fileRef = 0E51874C23DED5FE00664868 /* ViewController.swift */; };
		0E51875523DED5FE00664868 /* TransferResponseVC.swift in Sources */ = {isa = PBXBuildFile; fileRef = 0E51874D23DED5FE00664868 /* TransferResponseVC.swift */; };
		0E51875623DED5FE00664868 /* Failure.mp3 in Resources */ = {isa = PBXBuildFile; fileRef = 0E51874F23DED5FE00664868 /* Failure.mp3 */; };
		0E51875723DED5FE00664868 /* Success.mp3 in Resources */ = {isa = PBXBuildFile; fileRef = 0E51875023DED5FE00664868 /* Success.mp3 */; };
		0E51875823DED5FE00664868 /* Constant.swift in Sources */ = {isa = PBXBuildFile; fileRef = 0E51875223DED5FE00664868 /* Constant.swift */; };
		0E51875923DED5FE00664868 /* AppUtils.swift in Sources */ = {isa = PBXBuildFile; fileRef = 0E51875323DED5FE00664868 /* AppUtils.swift */; };
		0E5187EB23DF09F900664868 /* Pods_SDKDemoSadad.framework in Frameworks */ = {isa = PBXBuildFile; fileRef = E34BC66CF1E748AC184D2A74 /* Pods_SDKDemoSadad.framework */; settings = {ATTRIBUTES = (Required, ); }; };
		905918BF26971ADE00782684 /* SadadPaymentSDK.framework in Frameworks */ = {isa = PBXBuildFile; fileRef = 905918BD26971ADC00782684 /* SadadPaymentSDK.framework */; };
		905918C026971ADE00782684 /* SadadPaymentSDK.framework in Embed Frameworks */ = {isa = PBXBuildFile; fileRef = 905918BD26971ADC00782684 /* SadadPaymentSDK.framework */; settings = {ATTRIBUTES = (CodeSignOnCopy, RemoveHeadersOnCopy, ); }; };
/* End PBXBuildFile section */

/* Begin PBXCopyFilesBuildPhase section */
		0EA0E3CA259CA673009027CE /* Embed Frameworks */ = {
			isa = PBXCopyFilesBuildPhase;
			buildActionMask = 2147483647;
			dstPath = "";
			dstSubfolderSpec = 10;
			files = (
				905918C026971ADE00782684 /* SadadPaymentSDK.framework in Embed Frameworks */,
			);
			name = "Embed Frameworks";
			runOnlyForDeploymentPostprocessing = 0;
		};
/* End PBXCopyFilesBuildPhase section */

/* Begin PBXFileReference section */
		0E51873423DED5E700664868 /* SDKDemoSadad.app */ = {isa = PBXFileReference; explicitFileType = wrapper.application; includeInIndex = 0; path = SDKDemoSadad.app; sourceTree = BUILT_PRODUCTS_DIR; };
		0E51873723DED5E700664868 /* AppDelegate.swift */ = {isa = PBXFileReference; lastKnownFileType = sourcecode.swift; path = AppDelegate.swift; sourceTree = "<group>"; };
		0E51873923DED5E700664868 /* SceneDelegate.swift */ = {isa = PBXFileReference; lastKnownFileType = sourcecode.swift; path = SceneDelegate.swift; sourceTree = "<group>"; };
		0E51873E23DED5E700664868 /* Base */ = {isa = PBXFileReference; lastKnownFileType = file.storyboard; name = Base; path = Base.lproj/Main.storyboard; sourceTree = "<group>"; };
		0E51874023DED5E900664868 /* Assets.xcassets */ = {isa = PBXFileReference; lastKnownFileType = folder.assetcatalog; path = Assets.xcassets; sourceTree = "<group>"; };
		0E51874323DED5E900664868 /* Base */ = {isa = PBXFileReference; lastKnownFileType = file.storyboard; name = Base; path = Base.lproj/LaunchScreen.storyboard; sourceTree = "<group>"; };
		0E51874523DED5E900664868 /* Info.plist */ = {isa = PBXFileReference; lastKnownFileType = text.plist.xml; path = Info.plist; sourceTree = "<group>"; };
		0E51874C23DED5FE00664868 /* ViewController.swift */ = {isa = PBXFileReference; fileEncoding = 4; lastKnownFileType = sourcecode.swift; path = ViewController.swift; sourceTree = "<group>"; };
		0E51874D23DED5FE00664868 /* TransferResponseVC.swift */ = {isa = PBXFileReference; fileEncoding = 4; lastKnownFileType = sourcecode.swift; path = TransferResponseVC.swift; sourceTree = "<group>"; };
		0E51874F23DED5FE00664868 /* Failure.mp3 */ = {isa = PBXFileReference; lastKnownFileType = audio.mp3; path = Failure.mp3; sourceTree = "<group>"; };
		0E51875023DED5FE00664868 /* Success.mp3 */ = {isa = PBXFileReference; lastKnownFileType = audio.mp3; path = Success.mp3; sourceTree = "<group>"; };
		0E51875223DED5FE00664868 /* Constant.swift */ = {isa = PBXFileReference; fileEncoding = 4; lastKnownFileType = sourcecode.swift; path = Constant.swift; sourceTree = "<group>"; };
		0E51875323DED5FE00664868 /* AppUtils.swift */ = {isa = PBXFileReference; fileEncoding = 4; lastKnownFileType = sourcecode.swift; path = AppUtils.swift; sourceTree = "<group>"; };
		2EB8C1FA7AF39CA3CE7D76C1 /* Pods-SDKDemoSadad.release.xcconfig */ = {isa = PBXFileReference; includeInIndex = 1; lastKnownFileType = text.xcconfig; name = "Pods-SDKDemoSadad.release.xcconfig"; path = "Target Support Files/Pods-SDKDemoSadad/Pods-SDKDemoSadad.release.xcconfig"; sourceTree = "<group>"; };
		826571D20E7A2BBE242F2C2D /* Pods-SDKDemoSadad.debug.xcconfig */ = {isa = PBXFileReference; includeInIndex = 1; lastKnownFileType = text.xcconfig; name = "Pods-SDKDemoSadad.debug.xcconfig"; path = "Target Support Files/Pods-SDKDemoSadad/Pods-SDKDemoSadad.debug.xcconfig"; sourceTree = "<group>"; };
		905918BD26971ADC00782684 /* SadadPaymentSDK.framework */ = {isa = PBXFileReference; lastKnownFileType = wrapper.framework; path = SadadPaymentSDK.framework; sourceTree = "<group>"; };
		E34BC66CF1E748AC184D2A74 /* Pods_SDKDemoSadad.framework */ = {isa = PBXFileReference; explicitFileType = wrapper.framework; includeInIndex = 0; path = Pods_SDKDemoSadad.framework; sourceTree = BUILT_PRODUCTS_DIR; };
/* End PBXFileReference section */

/* Begin PBXFrameworksBuildPhase section */
		0E51873123DED5E700664868 /* Frameworks */ = {
			isa = PBXFrameworksBuildPhase;
			buildActionMask = 2147483647;
			files = (
				905918BF26971ADE00782684 /* SadadPaymentSDK.framework in Frameworks */,
				0E5187EB23DF09F900664868 /* Pods_SDKDemoSadad.framework in Frameworks */,
			);
			runOnlyForDeploymentPostprocessing = 0;
		};
/* End PBXFrameworksBuildPhase section */

/* Begin PBXGroup section */
		0E51872B23DED5E700664868 = {
			isa = PBXGroup;
			children = (
				905918BD26971ADC00782684 /* SadadPaymentSDK.framework */,
				0E51873623DED5E700664868 /* SDKDemoSadad */,
				0E51873523DED5E700664868 /* Products */,
				8A644AEDA3DC506A97A84BB6 /* Pods */,
				C1F8C1139A029E8CC3F38942 /* Frameworks */,
			);
			sourceTree = "<group>";
		};
		0E51873523DED5E700664868 /* Products */ = {
			isa = PBXGroup;
			children = (
				0E51873423DED5E700664868 /* SDKDemoSadad.app */,
			);
			name = Products;
			sourceTree = "<group>";
		};
		0E51873623DED5E700664868 /* SDKDemoSadad */ = {
			isa = PBXGroup;
			children = (
				0E51873723DED5E700664868 /* AppDelegate.swift */,
				0E51873923DED5E700664868 /* SceneDelegate.swift */,
				0E51875123DED5FE00664868 /* Models */,
				0E51874E23DED5FE00664868 /* Sound */,
				0E51874B23DED5FE00664868 /* ViewController */,
				0E51873D23DED5E700664868 /* Main.storyboard */,
				0E51874023DED5E900664868 /* Assets.xcassets */,
				0E51874223DED5E900664868 /* LaunchScreen.storyboard */,
				0E51874523DED5E900664868 /* Info.plist */,
			);
			path = SDKDemoSadad;
			sourceTree = "<group>";
		};
		0E51874B23DED5FE00664868 /* ViewController */ = {
			isa = PBXGroup;
			children = (
				0E51874C23DED5FE00664868 /* ViewController.swift */,
				0E51874D23DED5FE00664868 /* TransferResponseVC.swift */,
			);
			path = ViewController;
			sourceTree = "<group>";
		};
		0E51874E23DED5FE00664868 /* Sound */ = {
			isa = PBXGroup;
			children = (
				0E51874F23DED5FE00664868 /* Failure.mp3 */,
				0E51875023DED5FE00664868 /* Success.mp3 */,
			);
			path = Sound;
			sourceTree = "<group>";
		};
		0E51875123DED5FE00664868 /* Models */ = {
			isa = PBXGroup;
			children = (
				0E51875223DED5FE00664868 /* Constant.swift */,
				0E51875323DED5FE00664868 /* AppUtils.swift */,
			);
			path = Models;
			sourceTree = "<group>";
		};
		8A644AEDA3DC506A97A84BB6 /* Pods */ = {
			isa = PBXGroup;
			children = (
				826571D20E7A2BBE242F2C2D /* Pods-SDKDemoSadad.debug.xcconfig */,
				2EB8C1FA7AF39CA3CE7D76C1 /* Pods-SDKDemoSadad.release.xcconfig */,
			);
			path = Pods;
			sourceTree = "<group>";
		};
		C1F8C1139A029E8CC3F38942 /* Frameworks */ = {
			isa = PBXGroup;
			children = (
				E34BC66CF1E748AC184D2A74 /* Pods_SDKDemoSadad.framework */,
			);
			name = Frameworks;
			sourceTree = "<group>";
		};
/* End PBXGroup section */

/* Begin PBXNativeTarget section */
		0E51873323DED5E700664868 /* SDKDemoSadad */ = {
			isa = PBXNativeTarget;
			buildConfigurationList = 0E51874823DED5E900664868 /* Build configuration list for PBXNativeTarget "SDKDemoSadad" */;
			buildPhases = (
				8991199377E2E07D5E3B5AE8 /* [CP] Check Pods Manifest.lock */,
				0E51873023DED5E700664868 /* Sources */,
				0E51873123DED5E700664868 /* Frameworks */,
				0E51873223DED5E700664868 /* Resources */,
				25D6DFA516840C7B62352881 /* [CP] Embed Pods Frameworks */,
				0EA0E3CA259CA673009027CE /* Embed Frameworks */,
			);
			buildRules = (
			);
			dependencies = (
			);
			name = SDKDemoSadad;
			productName = SDKDemoSadad;
			productReference = 0E51873423DED5E700664868 /* SDKDemoSadad.app */;
			productType = "com.apple.product-type.application";
		};
/* End PBXNativeTarget section */

/* Begin PBXProject section */
		0E51872C23DED5E700664868 /* Project object */ = {
			isa = PBXProject;
			attributes = {
				LastSwiftUpdateCheck = 1130;
				LastUpgradeCheck = 1130;
				ORGANIZATIONNAME = sufalam;
				TargetAttributes = {
					0E51873323DED5E700664868 = {
						CreatedOnToolsVersion = 11.3.1;
					};
				};
			};
			buildConfigurationList = 0E51872F23DED5E700664868 /* Build configuration list for PBXProject "SDKDemoSadad" */;
			compatibilityVersion = "Xcode 9.3";
			developmentRegion = en;
			hasScannedForEncodings = 0;
			knownRegions = (
				en,
				Base,
			);
			mainGroup = 0E51872B23DED5E700664868;
			productRefGroup = 0E51873523DED5E700664868 /* Products */;
			projectDirPath = "";
			projectRoot = "";
			targets = (
				0E51873323DED5E700664868 /* SDKDemoSadad */,
			);
		};
/* End PBXProject section */

/* Begin PBXResourcesBuildPhase section */
		0E51873223DED5E700664868 /* Resources */ = {
			isa = PBXResourcesBuildPhase;
			buildActionMask = 2147483647;
			files = (
				0E51874423DED5E900664868 /* LaunchScreen.storyboard in Resources */,
				0E51875623DED5FE00664868 /* Failure.mp3 in Resources */,
				0E51874123DED5E900664868 /* Assets.xcassets in Resources */,
				0E51875723DED5FE00664868 /* Success.mp3 in Resources */,
				0E51873F23DED5E700664868 /* Main.storyboard in Resources */,
			);
			runOnlyForDeploymentPostprocessing = 0;
		};
/* End PBXResourcesBuildPhase section */

/* Begin PBXShellScriptBuildPhase section */
		25D6DFA516840C7B62352881 /* [CP] Embed Pods Frameworks */ = {
			isa = PBXShellScriptBuildPhase;
			buildActionMask = 2147483647;
			files = (
			);
			inputFileListPaths = (
				"${PODS_ROOT}/Target Support Files/Pods-SDKDemoSadad/Pods-SDKDemoSadad-frameworks-${CONFIGURATION}-input-files.xcfilelist",
			);
			name = "[CP] Embed Pods Frameworks";
			outputFileListPaths = (
				"${PODS_ROOT}/Target Support Files/Pods-SDKDemoSadad/Pods-SDKDemoSadad-frameworks-${CONFIGURATION}-output-files.xcfilelist",
			);
			runOnlyForDeploymentPostprocessing = 0;
			shellPath = /bin/sh;
			shellScript = "\"${PODS_ROOT}/Target Support Files/Pods-SDKDemoSadad/Pods-SDKDemoSadad-frameworks.sh\"\n";
			showEnvVarsInLog = 0;
		};
		8991199377E2E07D5E3B5AE8 /* [CP] Check Pods Manifest.lock */ = {
			isa = PBXShellScriptBuildPhase;
			buildActionMask = 2147483647;
			files = (
			);
			inputFileListPaths = (
			);
			inputPaths = (
				"${PODS_PODFILE_DIR_PATH}/Podfile.lock",
				"${PODS_ROOT}/Manifest.lock",
			);
			name = "[CP] Check Pods Manifest.lock";
			outputFileListPaths = (
			);
			outputPaths = (
				"$(DERIVED_FILE_DIR)/Pods-SDKDemoSadad-checkManifestLockResult.txt",
			);
			runOnlyForDeploymentPostprocessing = 0;
			shellPath = /bin/sh;
			shellScript = "diff \"${PODS_PODFILE_DIR_PATH}/Podfile.lock\" \"${PODS_ROOT}/Manifest.lock\" > /dev/null\nif [ $? != 0 ] ; then\n    # print error to STDERR\n    echo \"error: The sandbox is not in sync with the Podfile.lock. Run 'pod install' or update your CocoaPods installation.\" >&2\n    exit 1\nfi\n# This output is used by Xcode 'outputs' to avoid re-running this script phase.\necho \"SUCCESS\" > \"${SCRIPT_OUTPUT_FILE_0}\"\n";
			showEnvVarsInLog = 0;
		};
/* End PBXShellScriptBuildPhase section */

/* Begin PBXSourcesBuildPhase section */
		0E51873023DED5E700664868 /* Sources */ = {
			isa = PBXSourcesBuildPhase;
			buildActionMask = 2147483647;
			files = (
				0E51875523DED5FE00664868 /* TransferResponseVC.swift in Sources */,
				0E51873823DED5E700664868 /* AppDelegate.swift in Sources */,
				0E51875423DED5FE00664868 /* ViewController.swift in Sources */,
				0E51873A23DED5E700664868 /* SceneDelegate.swift in Sources */,
				0E51875923DED5FE00664868 /* AppUtils.swift in Sources */,
				0E51875823DED5FE00664868 /* Constant.swift in Sources */,
			);
			runOnlyForDeploymentPostprocessing = 0;
		};
/* End PBXSourcesBuildPhase section */

/* Begin PBXVariantGroup section */
		0E51873D23DED5E700664868 /* Main.storyboard */ = {
			isa = PBXVariantGroup;
			children = (
				0E51873E23DED5E700664868 /* Base */,
			);
			name = Main.storyboard;
			sourceTree = "<group>";
		};
		0E51874223DED5E900664868 /* LaunchScreen.storyboard */ = {
			isa = PBXVariantGroup;
			children = (
				0E51874323DED5E900664868 /* Base */,
			);
			name = LaunchScreen.storyboard;
			sourceTree = "<group>";
		};
/* End PBXVariantGroup section */

/* Begin XCBuildConfiguration section */
		0E51874623DED5E900664868 /* Debug */ = {
			isa = XCBuildConfiguration;
			buildSettings = {
				ALWAYS_SEARCH_USER_PATHS = NO;
				BITCODE_GENERATION_MODE = marker;
				CLANG_ANALYZER_NONNULL = YES;
				CLANG_ANALYZER_NUMBER_OBJECT_CONVERSION = YES_AGGRESSIVE;
				CLANG_CXX_LANGUAGE_STANDARD = "gnu++14";
				CLANG_CXX_LIBRARY = "libc++";
				CLANG_ENABLE_MODULES = YES;
				CLANG_ENABLE_OBJC_ARC = YES;
				CLANG_ENABLE_OBJC_WEAK = YES;
				CLANG_WARN_BLOCK_CAPTURE_AUTORELEASING = YES;
				CLANG_WARN_BOOL_CONVERSION = YES;
				CLANG_WARN_COMMA = YES;
				CLANG_WARN_CONSTANT_CONVERSION = YES;
				CLANG_WARN_DEPRECATED_OBJC_IMPLEMENTATIONS = YES;
				CLANG_WARN_DIRECT_OBJC_ISA_USAGE = YES_ERROR;
				CLANG_WARN_DOCUMENTATION_COMMENTS = YES;
				CLANG_WARN_EMPTY_BODY = YES;
				CLANG_WARN_ENUM_CONVERSION = YES;
				CLANG_WARN_INFINITE_RECURSION = YES;
				CLANG_WARN_INT_CONVERSION = YES;
				CLANG_WARN_NON_LITERAL_NULL_CONVERSION = YES;
				CLANG_WARN_OBJC_IMPLICIT_RETAIN_SELF = YES;
				CLANG_WARN_OBJC_LITERAL_CONVERSION = YES;
				CLANG_WARN_OBJC_ROOT_CLASS = YES_ERROR;
				CLANG_WARN_RANGE_LOOP_ANALYSIS = YES;
				CLANG_WARN_STRICT_PROTOTYPES = YES;
				CLANG_WARN_SUSPICIOUS_MOVE = YES;
				CLANG_WARN_UNGUARDED_AVAILABILITY = YES_AGGRESSIVE;
				CLANG_WARN_UNREACHABLE_CODE = YES;
				CLANG_WARN__DUPLICATE_METHOD_MATCH = YES;
				COPY_PHASE_STRIP = NO;
				DEBUG_INFORMATION_FORMAT = dwarf;
				ENABLE_STRICT_OBJC_MSGSEND = YES;
				ENABLE_TESTABILITY = YES;
				GCC_C_LANGUAGE_STANDARD = gnu11;
				GCC_DYNAMIC_NO_PIC = NO;
				GCC_NO_COMMON_BLOCKS = YES;
				GCC_OPTIMIZATION_LEVEL = 0;
				GCC_PREPROCESSOR_DEFINITIONS = (
					"DEBUG=1",
					"$(inherited)",
				);
				GCC_WARN_64_TO_32_BIT_CONVERSION = YES;
				GCC_WARN_ABOUT_RETURN_TYPE = YES_ERROR;
				GCC_WARN_UNDECLARED_SELECTOR = YES;
				GCC_WARN_UNINITIALIZED_AUTOS = YES_AGGRESSIVE;
				GCC_WARN_UNUSED_FUNCTION = YES;
				GCC_WARN_UNUSED_VARIABLE = YES;
				IPHONEOS_DEPLOYMENT_TARGET = 11.0;
				MTL_ENABLE_DEBUG_INFO = INCLUDE_SOURCE;
				MTL_FAST_MATH = YES;
				ONLY_ACTIVE_ARCH = YES;
				OTHER_CFLAGS = "";
				SDKROOT = iphoneos;
				SWIFT_ACTIVE_COMPILATION_CONDITIONS = DEBUG;
				SWIFT_OPTIMIZATION_LEVEL = "-Onone";
			};
			name = Debug;
		};
		0E51874723DED5E900664868 /* Release */ = {
			isa = XCBuildConfiguration;
			buildSettings = {
				ALWAYS_SEARCH_USER_PATHS = NO;
				BITCODE_GENERATION_MODE = bitcode;
				CLANG_ANALYZER_NONNULL = YES;
				CLANG_ANALYZER_NUMBER_OBJECT_CONVERSION = YES_AGGRESSIVE;
				CLANG_CXX_LANGUAGE_STANDARD = "gnu++14";
				CLANG_CXX_LIBRARY = "libc++";
				CLANG_ENABLE_MODULES = YES;
				CLANG_ENABLE_OBJC_ARC = YES;
				CLANG_ENABLE_OBJC_WEAK = YES;
				CLANG_WARN_BLOCK_CAPTURE_AUTORELEASING = YES;
				CLANG_WARN_BOOL_CONVERSION = YES;
				CLANG_WARN_COMMA = YES;
				CLANG_WARN_CONSTANT_CONVERSION = YES;
				CLANG_WARN_DEPRECATED_OBJC_IMPLEMENTATIONS = YES;
				CLANG_WARN_DIRECT_OBJC_ISA_USAGE = YES_ERROR;
				CLANG_WARN_DOCUMENTATION_COMMENTS = YES;
				CLANG_WARN_EMPTY_BODY = YES;
				CLANG_WARN_ENUM_CONVERSION = YES;
				CLANG_WARN_INFINITE_RECURSION = YES;
				CLANG_WARN_INT_CONVERSION = YES;
				CLANG_WARN_NON_LITERAL_NULL_CONVERSION = YES;
				CLANG_WARN_OBJC_IMPLICIT_RETAIN_SELF = YES;
				CLANG_WARN_OBJC_LITERAL_CONVERSION = YES;
				CLANG_WARN_OBJC_ROOT_CLASS = YES_ERROR;
				CLANG_WARN_RANGE_LOOP_ANALYSIS = YES;
				CLANG_WARN_STRICT_PROTOTYPES = YES;
				CLANG_WARN_SUSPICIOUS_MOVE = YES;
				CLANG_WARN_UNGUARDED_AVAILABILITY = YES_AGGRESSIVE;
				CLANG_WARN_UNREACHABLE_CODE = YES;
				CLANG_WARN__DUPLICATE_METHOD_MATCH = YES;
				COPY_PHASE_STRIP = NO;
				DEBUG_INFORMATION_FORMAT = "dwarf-with-dsym";
				ENABLE_NS_ASSERTIONS = NO;
				ENABLE_STRICT_OBJC_MSGSEND = YES;
				GCC_C_LANGUAGE_STANDARD = gnu11;
				GCC_NO_COMMON_BLOCKS = YES;
				GCC_WARN_64_TO_32_BIT_CONVERSION = YES;
				GCC_WARN_ABOUT_RETURN_TYPE = YES_ERROR;
				GCC_WARN_UNDECLARED_SELECTOR = YES;
				GCC_WARN_UNINITIALIZED_AUTOS = YES_AGGRESSIVE;
				GCC_WARN_UNUSED_FUNCTION = YES;
				GCC_WARN_UNUSED_VARIABLE = YES;
				IPHONEOS_DEPLOYMENT_TARGET = 11.0;
				MTL_ENABLE_DEBUG_INFO = NO;
				MTL_FAST_MATH = YES;
				OTHER_CFLAGS = "";
				SDKROOT = iphoneos;
				SWIFT_COMPILATION_MODE = wholemodule;
				SWIFT_OPTIMIZATION_LEVEL = "-O";
				VALIDATE_PRODUCT = YES;
			};
			name = Release;
		};
		0E51874923DED5E900664868 /* Debug */ = {
			isa = XCBuildConfiguration;
			baseConfigurationReference = 826571D20E7A2BBE242F2C2D /* Pods-SDKDemoSadad.debug.xcconfig */;
			buildSettings = {
				ASSETCATALOG_COMPILER_APPICON_NAME = AppIcon;
				BITCODE_GENERATION_MODE = "";
				CODE_SIGN_IDENTITY = "iPhone Distribution";
				CODE_SIGN_STYLE = Manual;
				DEVELOPMENT_TEAM = PCC4P437Q7;
				ENABLE_BITCODE = NO;
				FRAMEWORK_SEARCH_PATHS = (
					"$(inherited)",
					"$(PROJECT_DIR)",
				);
				INFOPLIST_FILE = SDKDemoSadad/Info.plist;
				IPHONEOS_DEPLOYMENT_TARGET = 11.0;
				LD_RUNPATH_SEARCH_PATHS = (
					"$(inherited)",
					"@executable_path/Frameworks",
				);
				OTHER_CFLAGS = "";
				PRODUCT_BUNDLE_IDENTIFIER = com.sadadSDK.Demo;
				PRODUCT_NAME = "$(TARGET_NAME)";
				PROVISIONING_PROFILE_SPECIFIER = AddHoc_SadadSDK_30Dec2020_DT;
				SWIFT_VERSION = 5.0;
				TARGETED_DEVICE_FAMILY = "1,2";
			};
			name = Debug;
		};
		0E51874A23DED5E900664868 /* Release */ = {
			isa = XCBuildConfiguration;
			baseConfigurationReference = 2EB8C1FA7AF39CA3CE7D76C1 /* Pods-SDKDemoSadad.release.xcconfig */;
			buildSettings = {
				ASSETCATALOG_COMPILER_APPICON_NAME = AppIcon;
				BITCODE_GENERATION_MODE = "";
				CODE_SIGN_IDENTITY = "iPhone Distribution";
				CODE_SIGN_STYLE = Manual;
				DEVELOPMENT_TEAM = PCC4P437Q7;
				ENABLE_BITCODE = NO;
				FRAMEWORK_SEARCH_PATHS = (
					"$(inherited)",
					"$(PROJECT_DIR)",
				);
				INFOPLIST_FILE = SDKDemoSadad/Info.plist;
				IPHONEOS_DEPLOYMENT_TARGET = 11.0;
				LD_RUNPATH_SEARCH_PATHS = (
					"$(inherited)",
					"@executable_path/Frameworks",
				);
				OTHER_CFLAGS = "";
				PRODUCT_BUNDLE_IDENTIFIER = com.sadadSDK.Demo;
				PRODUCT_NAME = "$(TARGET_NAME)";
				PROVISIONING_PROFILE_SPECIFIER = AddHoc_SadadSDK_30Dec2020_DT;
				SWIFT_VERSION = 5.0;
				TARGETED_DEVICE_FAMILY = "1,2";
			};
			name = Release;
		};
/* End XCBuildConfiguration section */

/* Begin XCConfigurationList section */
		0E51872F23DED5E700664868 /* Build configuration list for PBXProject "SDKDemoSadad" */ = {
			isa = XCConfigurationList;
			buildConfigurations = (
				0E51874623DED5E900664868 /* Debug */,
				0E51874723DED5E900664868 /* Release */,
			);
			defaultConfigurationIsVisible = 0;
			defaultConfigurationName = Release;
		};
		0E51874823DED5E900664868 /* Build configuration list for PBXNativeTarget "SDKDemoSadad" */ = {
			isa = XCConfigurationList;
			buildConfigurations = (
				0E51874923DED5E900664868 /* Debug */,
				0E51874A23DED5E900664868 /* Release */,
			);
			defaultConfigurationIsVisible = 0;
			defaultConfigurationName = Release;
		};
/* End XCConfigurationList section */
	};
	rootObject = 0E51872C23DED5E700664868 /* Project object */;
}
